// !$*UTF8*$!
{
	archiveVersion = 1;
	classes = {
	};
	objectVersion = 50;
	objects = {

/* Begin PBXBuildFile section */
		878C2376240DBF090089342E /* AppDelegate.swift in Sources */ = {isa = PBXBuildFile; fileRef = 878C2375240DBF090089342E /* AppDelegate.swift */; };
		878C2378240DBF090089342E /* SceneDelegate.swift in Sources */ = {isa = PBXBuildFile; fileRef = 878C2377240DBF090089342E /* SceneDelegate.swift */; };
		878C237A240DBF090089342E /* ViewController.swift in Sources */ = {isa = PBXBuildFile; fileRef = 878C2379240DBF090089342E /* ViewController.swift */; };
		878C237D240DBF090089342E /* Main.storyboard in Resources */ = {isa = PBXBuildFile; fileRef = 878C237B240DBF090089342E /* Main.storyboard */; };
		878C237F240DBF0C0089342E /* Assets.xcassets in Resources */ = {isa = PBXBuildFile; fileRef = 878C237E240DBF0C0089342E /* Assets.xcassets */; };
		878C2382240DBF0C0089342E /* LaunchScreen.storyboard in Resources */ = {isa = PBXBuildFile; fileRef = 878C2380240DBF0C0089342E /* LaunchScreen.storyboard */; };
		878C238D240DBF0C0089342E /* HW2Tests.swift in Sources */ = {isa = PBXBuildFile; fileRef = 878C238C240DBF0C0089342E /* HW2Tests.swift */; };
		878C2398240DBF0C0089342E /* HW2UITests.swift in Sources */ = {isa = PBXBuildFile; fileRef = 878C2397240DBF0C0089342E /* HW2UITests.swift */; };
/* End PBXBuildFile section */

/* Begin PBXContainerItemProxy section */
		878C2389240DBF0C0089342E /* PBXContainerItemProxy */ = {
			isa = PBXContainerItemProxy;
			containerPortal = 878C236A240DBF090089342E /* Project object */;
			proxyType = 1;
			remoteGlobalIDString = 878C2371240DBF090089342E;
			remoteInfo = HW2;
		};
		878C2394240DBF0C0089342E /* PBXContainerItemProxy */ = {
			isa = PBXContainerItemProxy;
			containerPortal = 878C236A240DBF090089342E /* Project object */;
			proxyType = 1;
			remoteGlobalIDString = 878C2371240DBF090089342E;
			remoteInfo = HW2;
		};
/* End PBXContainerItemProxy section */

/* Begin PBXFileReference section */
		878C2372240DBF090089342E /* HW2.app */ = {isa = PBXFileReference; explicitFileType = wrapper.application; includeInIndex = 0; path = HW2.app; sourceTree = BUILT_PRODUCTS_DIR; };
		878C2375240DBF090089342E /* AppDelegate.swift */ = {isa = PBXFileReference; lastKnownFileType = sourcecode.swift; path = AppDelegate.swift; sourceTree = "<group>"; };
		878C2377240DBF090089342E /* SceneDelegate.swift */ = {isa = PBXFileReference; lastKnownFileType = sourcecode.swift; path = SceneDelegate.swift; sourceTree = "<group>"; };
		878C2379240DBF090089342E /* ViewController.swift */ = {isa = PBXFileReference; lastKnownFileType = sourcecode.swift; path = ViewController.swift; sourceTree = "<group>"; };
		878C237C240DBF090089342E /* Base */ = {isa = PBXFileReference; lastKnownFileType = file.storyboard; name = Base; path = Base.lproj/Main.storyboard; sourceTree = "<group>"; };
		878C237E240DBF0C0089342E /* Assets.xcassets */ = {isa = PBXFileReference; lastKnownFileType = folder.assetcatalog; path = Assets.xcassets; sourceTree = "<group>"; };
		878C2381240DBF0C0089342E /* Base */ = {isa = PBXFileReference; lastKnownFileType = file.storyboard; name = Base; path = Base.lproj/LaunchScreen.storyboard; sourceTree = "<group>"; };
		878C2383240DBF0C0089342E /* Info.plist */ = {isa = PBXFileReference; lastKnownFileType = text.plist.xml; path = Info.plist; sourceTree = "<group>"; };
		878C2388240DBF0C0089342E /* HW2Tests.xctest */ = {isa = PBXFileReference; explicitFileType = wrapper.cfbundle; includeInIndex = 0; path = HW2Tests.xctest; sourceTree = BUILT_PRODUCTS_DIR; };
		878C238C240DBF0C0089342E /* HW2Tests.swift */ = {isa = PBXFileReference; lastKnownFileType = sourcecode.swift; path = HW2Tests.swift; sourceTree = "<group>"; };
		878C238E240DBF0C0089342E /* Info.plist */ = {isa = PBXFileReference; lastKnownFileType = text.plist.xml; path = Info.plist; sourceTree = "<group>"; };
		878C2393240DBF0C0089342E /* HW2UITests.xctest */ = {isa = PBXFileReference; explicitFileType = wrapper.cfbundle; includeInIndex = 0; path = HW2UITests.xctest; sourceTree = BUILT_PRODUCTS_DIR; };
		878C2397240DBF0C0089342E /* HW2UITests.swift */ = {isa = PBXFileReference; lastKnownFileType = sourcecode.swift; path = HW2UITests.swift; sourceTree = "<group>"; };
		878C2399240DBF0C0089342E /* Info.plist */ = {isa = PBXFileReference; lastKnownFileType = text.plist.xml; path = Info.plist; sourceTree = "<group>"; };
/* End PBXFileReference section */

/* Begin PBXFrameworksBuildPhase section */
		878C236F240DBF090089342E /* Frameworks */ = {
			isa = PBXFrameworksBuildPhase;
			buildActionMask = 2147483647;
			files = (
			);
			runOnlyForDeploymentPostprocessing = 0;
		};
		878C2385240DBF0C0089342E /* Frameworks */ = {
			isa = PBXFrameworksBuildPhase;
			buildActionMask = 2147483647;
			files = (
			);
			runOnlyForDeploymentPostprocessing = 0;
		};
		878C2390240DBF0C0089342E /* Frameworks */ = {
			isa = PBXFrameworksBuildPhase;
			buildActionMask = 2147483647;
			files = (
			);
			runOnlyForDeploymentPostprocessing = 0;
		};
/* End PBXFrameworksBuildPhase section */

/* Begin PBXGroup section */
		878C2369240DBF090089342E = {
			isa = PBXGroup;
			children = (
				878C2374240DBF090089342E /* HW2 */,
				878C238B240DBF0C0089342E /* HW2Tests */,
				878C2396240DBF0C0089342E /* HW2UITests */,
				878C2373240DBF090089342E /* Products */,
			);
			sourceTree = "<group>";
		};
		878C2373240DBF090089342E /* Products */ = {
			isa = PBXGroup;
			children = (
				878C2372240DBF090089342E /* HW2.app */,
				878C2388240DBF0C0089342E /* HW2Tests.xctest */,
				878C2393240DBF0C0089342E /* HW2UITests.xctest */,
			);
			name = Products;
			sourceTree = "<group>";
		};
		878C2374240DBF090089342E /* HW2 */ = {
			isa = PBXGroup;
			children = (
				878C2375240DBF090089342E /* AppDelegate.swift */,
				878C2377240DBF090089342E /* SceneDelegate.swift */,
				878C2379240DBF090089342E /* ViewController.swift */,
				878C237B240DBF090089342E /* Main.storyboard */,
				878C237E240DBF0C0089342E /* Assets.xcassets */,
				878C2380240DBF0C0089342E /* LaunchScreen.storyboard */,
				878C2383240DBF0C0089342E /* Info.plist */,
			);
			path = HW2;
			sourceTree = "<group>";
		};
		878C238B240DBF0C0089342E /* HW2Tests */ = {
			isa = PBXGroup;
			children = (
				878C238C240DBF0C0089342E /* HW2Tests.swift */,
				878C238E240DBF0C0089342E /* Info.plist */,
			);
			path = HW2Tests;
			sourceTree = "<group>";
		};
		878C2396240DBF0C0089342E /* HW2UITests */ = {
			isa = PBXGroup;
			children = (
				878C2397240DBF0C0089342E /* HW2UITests.swift */,
				878C2399240DBF0C0089342E /* Info.plist */,
			);
			path = HW2UITests;
			sourceTree = "<group>";
		};
/* End PBXGroup section */

/* Begin PBXNativeTarget section */
		878C2371240DBF090089342E /* HW2 */ = {
			isa = PBXNativeTarget;
			buildConfigurationList = 878C239C240DBF0C0089342E /* Build configuration list for PBXNativeTarget "HW2" */;
			buildPhases = (
				878C236E240DBF090089342E /* Sources */,
				878C236F240DBF090089342E /* Frameworks */,
				878C2370240DBF090089342E /* Resources */,
			);
			buildRules = (
			);
			dependencies = (
			);
			name = HW2;
			productName = HW2;
			productReference = 878C2372240DBF090089342E /* HW2.app */;
			productType = "com.apple.product-type.application";
		};
		878C2387240DBF0C0089342E /* HW2Tests */ = {
			isa = PBXNativeTarget;
			buildConfigurationList = 878C239F240DBF0C0089342E /* Build configuration list for PBXNativeTarget "HW2Tests" */;
			buildPhases = (
				878C2384240DBF0C0089342E /* Sources */,
				878C2385240DBF0C0089342E /* Frameworks */,
				878C2386240DBF0C0089342E /* Resources */,
			);
			buildRules = (
			);
			dependencies = (
				878C238A240DBF0C0089342E /* PBXTargetDependency */,
			);
			name = HW2Tests;
			productName = HW2Tests;
			productReference = 878C2388240DBF0C0089342E /* HW2Tests.xctest */;
			productType = "com.apple.product-type.bundle.unit-test";
		};
		878C2392240DBF0C0089342E /* HW2UITests */ = {
			isa = PBXNativeTarget;
			buildConfigurationList = 878C23A2240DBF0C0089342E /* Build configuration list for PBXNativeTarget "HW2UITests" */;
			buildPhases = (
				878C238F240DBF0C0089342E /* Sources */,
				878C2390240DBF0C0089342E /* Frameworks */,
				878C2391240DBF0C0089342E /* Resources */,
			);
			buildRules = (
			);
			dependencies = (
				878C2395240DBF0C0089342E /* PBXTargetDependency */,
			);
			name = HW2UITests;
			productName = HW2UITests;
			productReference = 878C2393240DBF0C0089342E /* HW2UITests.xctest */;
			productType = "com.apple.product-type.bundle.ui-testing";
		};
/* End PBXNativeTarget section */

/* Begin PBXProject section */
		878C236A240DBF090089342E /* Project object */ = {
			isa = PBXProject;
			attributes = {
				LastSwiftUpdateCheck = 1130;
				LastUpgradeCheck = 1130;
				ORGANIZATIONNAME = "J. Matthew Conover";
				TargetAttributes = {
					878C2371240DBF090089342E = {
						CreatedOnToolsVersion = 11.3.1;
					};
					878C2387240DBF0C0089342E = {
						CreatedOnToolsVersion = 11.3.1;
						TestTargetID = 878C2371240DBF090089342E;
					};
					878C2392240DBF0C0089342E = {
						CreatedOnToolsVersion = 11.3.1;
						TestTargetID = 878C2371240DBF090089342E;
					};
				};
			};
			buildConfigurationList = 878C236D240DBF090089342E /* Build configuration list for PBXProject "HW2" */;
			compatibilityVersion = "Xcode 9.3";
			developmentRegion = en;
			hasScannedForEncodings = 0;
			knownRegions = (
				en,
				Base,
			);
			mainGroup = 878C2369240DBF090089342E;
			productRefGroup = 878C2373240DBF090089342E /* Products */;
			projectDirPath = "";
			projectRoot = "";
			targets = (
				878C2371240DBF090089342E /* HW2 */,
				878C2387240DBF0C0089342E /* HW2Tests */,
				878C2392240DBF0C0089342E /* HW2UITests */,
			);
		};
/* End PBXProject section */

/* Begin PBXResourcesBuildPhase section */
		878C2370240DBF090089342E /* Resources */ = {
			isa = PBXResourcesBuildPhase;
			buildActionMask = 2147483647;
			files = (
				878C2382240DBF0C0089342E /* LaunchScreen.storyboard in Resources */,
				878C237F240DBF0C0089342E /* Assets.xcassets in Resources */,
				878C237D240DBF090089342E /* Main.storyboard in Resources */,
			);
			runOnlyForDeploymentPostprocessing = 0;
		};
		878C2386240DBF0C0089342E /* Resources */ = {
			isa = PBXResourcesBuildPhase;
			buildActionMask = 2147483647;
			files = (
			);
			runOnlyForDeploymentPostprocessing = 0;
		};
		878C2391240DBF0C0089342E /* Resources */ = {
			isa = PBXResourcesBuildPhase;
			buildActionMask = 2147483647;
			files = (
			);
			runOnlyForDeploymentPostprocessing = 0;
		};
/* End PBXResourcesBuildPhase section */

/* Begin PBXSourcesBuildPhase section */
		878C236E240DBF090089342E /* Sources */ = {
			isa = PBXSourcesBuildPhase;
			buildActionMask = 2147483647;
			files = (
				878C237A240DBF090089342E /* ViewController.swift in Sources */,
				878C2376240DBF090089342E /* AppDelegate.swift in Sources */,
				878C2378240DBF090089342E /* SceneDelegate.swift in Sources */,
			);
			runOnlyForDeploymentPostprocessing = 0;
		};
		878C2384240DBF0C0089342E /* Sources */ = {
			isa = PBXSourcesBuildPhase;
			buildActionMask = 2147483647;
			files = (
				878C238D240DBF0C0089342E /* HW2Tests.swift in Sources */,
			);
			runOnlyForDeploymentPostprocessing = 0;
		};
		878C238F240DBF0C0089342E /* Sources */ = {
			isa = PBXSourcesBuildPhase;
			buildActionMask = 2147483647;
			files = (
				878C2398240DBF0C0089342E /* HW2UITests.swift in Sources */,
			);
			runOnlyForDeploymentPostprocessing = 0;
		};
/* End PBXSourcesBuildPhase section */

/* Begin PBXTargetDependency section */
		878C238A240DBF0C0089342E /* PBXTargetDependency */ = {
			isa = PBXTargetDependency;
			target = 878C2371240DBF090089342E /* HW2 */;
			targetProxy = 878C2389240DBF0C0089342E /* PBXContainerItemProxy */;
		};
		878C2395240DBF0C0089342E /* PBXTargetDependency */ = {
			isa = PBXTargetDependency;
			target = 878C2371240DBF090089342E /* HW2 */;
			targetProxy = 878C2394240DBF0C0089342E /* PBXContainerItemProxy */;
		};
/* End PBXTargetDependency section */

/* Begin PBXVariantGroup section */
		878C237B240DBF090089342E /* Main.storyboard */ = {
			isa = PBXVariantGroup;
			children = (
				878C237C240DBF090089342E /* Base */,
			);
			name = Main.storyboard;
			sourceTree = "<group>";
		};
		878C2380240DBF0C0089342E /* LaunchScreen.storyboard */ = {
			isa = PBXVariantGroup;
			children = (
				878C2381240DBF0C0089342E /* Base */,
			);
			name = LaunchScreen.storyboard;
			sourceTree = "<group>";
		};
/* End PBXVariantGroup section */

/* Begin XCBuildConfiguration section */
		878C239A240DBF0C0089342E /* Debug */ = {
			isa = XCBuildConfiguration;
			buildSettings = {
				ALWAYS_SEARCH_USER_PATHS = NO;
				CLANG_ANALYZER_NONNULL = YES;
				CLANG_ANALYZER_NUMBER_OBJECT_CONVERSION = YES_AGGRESSIVE;
				CLANG_CXX_LANGUAGE_STANDARD = "gnu++14";
				CLANG_CXX_LIBRARY = "libc++";
				CLANG_ENABLE_MODULES = YES;
				CLANG_ENABLE_OBJC_ARC = YES;
				CLANG_ENABLE_OBJC_WEAK = YES;
				CLANG_WARN_BLOCK_CAPTURE_AUTORELEASING = YES;
				CLANG_WARN_BOOL_CONVERSION = YES;
				CLANG_WARN_COMMA = YES;
				CLANG_WARN_CONSTANT_CONVERSION = YES;
				CLANG_WARN_DEPRECATED_OBJC_IMPLEMENTATIONS = YES;
				CLANG_WARN_DIRECT_OBJC_ISA_USAGE = YES_ERROR;
				CLANG_WARN_DOCUMENTATION_COMMENTS = YES;
				CLANG_WARN_EMPTY_BODY = YES;
				CLANG_WARN_ENUM_CONVERSION = YES;
				CLANG_WARN_INFINITE_RECURSION = YES;
				CLANG_WARN_INT_CONVERSION = YES;
				CLANG_WARN_NON_LITERAL_NULL_CONVERSION = YES;
				CLANG_WARN_OBJC_IMPLICIT_RETAIN_SELF = YES;
				CLANG_WARN_OBJC_LITERAL_CONVERSION = YES;
				CLANG_WARN_OBJC_ROOT_CLASS = YES_ERROR;
				CLANG_WARN_RANGE_LOOP_ANALYSIS = YES;
				CLANG_WARN_STRICT_PROTOTYPES = YES;
				CLANG_WARN_SUSPICIOUS_MOVE = YES;
				CLANG_WARN_UNGUARDED_AVAILABILITY = YES_AGGRESSIVE;
				CLANG_WARN_UNREACHABLE_CODE = YES;
				CLANG_WARN__DUPLICATE_METHOD_MATCH = YES;
				COPY_PHASE_STRIP = NO;
				DEBUG_INFORMATION_FORMAT = dwarf;
				ENABLE_STRICT_OBJC_MSGSEND = YES;
				ENABLE_TESTABILITY = YES;
				GCC_C_LANGUAGE_STANDARD = gnu11;
				GCC_DYNAMIC_NO_PIC = NO;
				GCC_NO_COMMON_BLOCKS = YES;
				GCC_OPTIMIZATION_LEVEL = 0;
				GCC_PREPROCESSOR_DEFINITIONS = (
					"DEBUG=1",
					"$(inherited)",
				);
				GCC_WARN_64_TO_32_BIT_CONVERSION = YES;
				GCC_WARN_ABOUT_RETURN_TYPE = YES_ERROR;
				GCC_WARN_UNDECLARED_SELECTOR = YES;
				GCC_WARN_UNINITIALIZED_AUTOS = YES_AGGRESSIVE;
				GCC_WARN_UNUSED_FUNCTION = YES;
				GCC_WARN_UNUSED_VARIABLE = YES;
				IPHONEOS_DEPLOYMENT_TARGET = 13.2;
				MTL_ENABLE_DEBUG_INFO = INCLUDE_SOURCE;
				MTL_FAST_MATH = YES;
				ONLY_ACTIVE_ARCH = YES;
				SDKROOT = iphoneos;
				SWIFT_ACTIVE_COMPILATION_CONDITIONS = DEBUG;
				SWIFT_OPTIMIZATION_LEVEL = "-Onone";
			};
			name = Debug;
		};
		878C239B240DBF0C0089342E /* Release */ = {
			isa = XCBuildConfiguration;
			buildSettings = {
				ALWAYS_SEARCH_USER_PATHS = NO;
				CLANG_ANALYZER_NONNULL = YES;
				CLANG_ANALYZER_NUMBER_OBJECT_CONVERSION = YES_AGGRESSIVE;
				CLANG_CXX_LANGUAGE_STANDARD = "gnu++14";
				CLANG_CXX_LIBRARY = "libc++";
				CLANG_ENABLE_MODULES = YES;
				CLANG_ENABLE_OBJC_ARC = YES;
				CLANG_ENABLE_OBJC_WEAK = YES;
				CLANG_WARN_BLOCK_CAPTURE_AUTORELEASING = YES;
				CLANG_WARN_BOOL_CONVERSION = YES;
				CLANG_WARN_COMMA = YES;
				CLANG_WARN_CONSTANT_CONVERSION = YES;
				CLANG_WARN_DEPRECATED_OBJC_IMPLEMENTATIONS = YES;
				CLANG_WARN_DIRECT_OBJC_ISA_USAGE = YES_ERROR;
				CLANG_WARN_DOCUMENTATION_COMMENTS = YES;
				CLANG_WARN_EMPTY_BODY = YES;
				CLANG_WARN_ENUM_CONVERSION = YES;
				CLANG_WARN_INFINITE_RECURSION = YES;
				CLANG_WARN_INT_CONVERSION = YES;
				CLANG_WARN_NON_LITERAL_NULL_CONVERSION = YES;
				CLANG_WARN_OBJC_IMPLICIT_RETAIN_SELF = YES;
				CLANG_WARN_OBJC_LITERAL_CONVERSION = YES;
				CLANG_WARN_OBJC_ROOT_CLASS = YES_ERROR;
				CLANG_WARN_RANGE_LOOP_ANALYSIS = YES;
				CLANG_WARN_STRICT_PROTOTYPES = YES;
				CLANG_WARN_SUSPICIOUS_MOVE = YES;
				CLANG_WARN_UNGUARDED_AVAILABILITY = YES_AGGRESSIVE;
				CLANG_WARN_UNREACHABLE_CODE = YES;
				CLANG_WARN__DUPLICATE_METHOD_MATCH = YES;
				COPY_PHASE_STRIP = NO;
				DEBUG_INFORMATION_FORMAT = "dwarf-with-dsym";
				ENABLE_NS_ASSERTIONS = NO;
				ENABLE_STRICT_OBJC_MSGSEND = YES;
				GCC_C_LANGUAGE_STANDARD = gnu11;
				GCC_NO_COMMON_BLOCKS = YES;
				GCC_WARN_64_TO_32_BIT_CONVERSION = YES;
				GCC_WARN_ABOUT_RETURN_TYPE = YES_ERROR;
				GCC_WARN_UNDECLARED_SELECTOR = YES;
				GCC_WARN_UNINITIALIZED_AUTOS = YES_AGGRESSIVE;
				GCC_WARN_UNUSED_FUNCTION = YES;
				GCC_WARN_UNUSED_VARIABLE = YES;
				IPHONEOS_DEPLOYMENT_TARGET = 13.2;
				MTL_ENABLE_DEBUG_INFO = NO;
				MTL_FAST_MATH = YES;
				SDKROOT = iphoneos;
				SWIFT_COMPILATION_MODE = wholemodule;
				SWIFT_OPTIMIZATION_LEVEL = "-O";
				VALIDATE_PRODUCT = YES;
			};
			name = Release;
		};
		878C239D240DBF0C0089342E /* Debug */ = {
			isa = XCBuildConfiguration;
			buildSettings = {
				ASSETCATALOG_COMPILER_APPICON_NAME = AppIcon;
				CODE_SIGN_STYLE = Automatic;
				INFOPLIST_FILE = HW2/Info.plist;
				LD_RUNPATH_SEARCH_PATHS = (
					"$(inherited)",
					"@executable_path/Frameworks",
				);
				PRODUCT_BUNDLE_IDENTIFIER = com.matthewconover.HW2;
				PRODUCT_NAME = "$(TARGET_NAME)";
				SWIFT_VERSION = 5.0;
				TARGETED_DEVICE_FAMILY = "1,2";
			};
			name = Debug;
		};
		878C239E240DBF0C0089342E /* Release */ = {
			isa = XCBuildConfiguration;
			buildSettings = {
				ASSETCATALOG_COMPILER_APPICON_NAME = AppIcon;
				CODE_SIGN_STYLE = Automatic;
				INFOPLIST_FILE = HW2/Info.plist;
				LD_RUNPATH_SEARCH_PATHS = (
					"$(inherited)",
					"@executable_path/Frameworks",
				);
				PRODUCT_BUNDLE_IDENTIFIER = com.matthewconover.HW2;
				PRODUCT_NAME = "$(TARGET_NAME)";
				SWIFT_VERSION = 5.0;
				TARGETED_DEVICE_FAMILY = "1,2";
			};
			name = Release;
		};
		878C23A0240DBF0C0089342E /* Debug */ = {
			isa = XCBuildConfiguration;
			buildSettings = {
				ALWAYS_EMBED_SWIFT_STANDARD_LIBRARIES = YES;
				BUNDLE_LOADER = "$(TEST_HOST)";
				CODE_SIGN_STYLE = Automatic;
				INFOPLIST_FILE = HW2Tests/Info.plist;
				IPHONEOS_DEPLOYMENT_TARGET = 13.2;
				LD_RUNPATH_SEARCH_PATHS = (
					"$(inherited)",
					"@executable_path/Frameworks",
					"@loader_path/Frameworks",
				);
				PRODUCT_BUNDLE_IDENTIFIER = com.matthewconover.HW2Tests;
				PRODUCT_NAME = "$(TARGET_NAME)";
				SWIFT_VERSION = 5.0;
				TARGETED_DEVICE_FAMILY = "1,2";
				TEST_HOST = "$(BUILT_PRODUCTS_DIR)/HW2.app/HW2";
			};
			name = Debug;
		};
		878C23A1240DBF0C0089342E /* Release */ = {
			isa = XCBuildConfiguration;
			buildSettings = {
				ALWAYS_EMBED_SWIFT_STANDARD_LIBRARIES = YES;
				BUNDLE_LOADER = "$(TEST_HOST)";
				CODE_SIGN_STYLE = Automatic;
				INFOPLIST_FILE = HW2Tests/Info.plist;
				IPHONEOS_DEPLOYMENT_TARGET = 13.2;
				LD_RUNPATH_SEARCH_PATHS = (
					"$(inherited)",
					"@executable_path/Frameworks",
					"@loader_path/Frameworks",
				);
				PRODUCT_BUNDLE_IDENTIFIER = com.matthewconover.HW2Tests;
				PRODUCT_NAME = "$(TARGET_NAME)";
				SWIFT_VERSION = 5.0;
				TARGETED_DEVICE_FAMILY = "1,2";
				TEST_HOST = "$(BUILT_PRODUCTS_DIR)/HW2.app/HW2";
			};
			name = Release;
		};
		878C23A3240DBF0C0089342E /* Debug */ = {
			isa = XCBuildConfiguration;
			buildSettings = {
				ALWAYS_EMBED_SWIFT_STANDARD_LIBRARIES = YES;
				CODE_SIGN_STYLE = Automatic;
				INFOPLIST_FILE = HW2UITests/Info.plist;
				LD_RUNPATH_SEARCH_PATHS = (
					"$(inherited)",
					"@executable_path/Frameworks",
					"@loader_path/Frameworks",
				);
				PRODUCT_BUNDLE_IDENTIFIER = com.matthewconover.HW2UITests;
				PRODUCT_NAME = "$(TARGET_NAME)";
				SWIFT_VERSION = 5.0;
				TARGETED_DEVICE_FAMILY = "1,2";
				TEST_TARGET_NAME = HW2;
			};
			name = Debug;
		};
		878C23A4240DBF0C0089342E /* Release */ = {
			isa = XCBuildConfiguration;
			buildSettings = {
				ALWAYS_EMBED_SWIFT_STANDARD_LIBRARIES = YES;
				CODE_SIGN_STYLE = Automatic;
				INFOPLIST_FILE = HW2UITests/Info.plist;
				LD_RUNPATH_SEARCH_PATHS = (
					"$(inherited)",
					"@executable_path/Frameworks",
					"@loader_path/Frameworks",
				);
				PRODUCT_BUNDLE_IDENTIFIER = com.matthewconover.HW2UITests;
				PRODUCT_NAME = "$(TARGET_NAME)";
				SWIFT_VERSION = 5.0;
				TARGETED_DEVICE_FAMILY = "1,2";
				TEST_TARGET_NAME = HW2;
			};
			name = Release;
		};
/* End XCBuildConfiguration section */

/* Begin XCConfigurationList section */
		878C236D240DBF090089342E /* Build configuration list for PBXProject "HW2" */ = {
			isa = XCConfigurationList;
			buildConfigurations = (
				878C239A240DBF0C0089342E /* Debug */,
				878C239B240DBF0C0089342E /* Release */,
			);
			defaultConfigurationIsVisible = 0;
			defaultConfigurationName = Release;
		};
		878C239C240DBF0C0089342E /* Build configuration list for PBXNativeTarget "HW2" */ = {
			isa = XCConfigurationList;
			buildConfigurations = (
				878C239D240DBF0C0089342E /* Debug */,
				878C239E240DBF0C0089342E /* Release */,
			);
			defaultConfigurationIsVisible = 0;
			defaultConfigurationName = Release;
		};
		878C239F240DBF0C0089342E /* Build configuration list for PBXNativeTarget "HW2Tests" */ = {
			isa = XCConfigurationList;
			buildConfigurations = (
				878C23A0240DBF0C0089342E /* Debug */,
				878C23A1240DBF0C0089342E /* Release */,
			);
			defaultConfigurationIsVisible = 0;
			defaultConfigurationName = Release;
		};
		878C23A2240DBF0C0089342E /* Build configuration list for PBXNativeTarget "HW2UITests" */ = {
			isa = XCConfigurationList;
			buildConfigurations = (
				878C23A3240DBF0C0089342E /* Debug */,
				878C23A4240DBF0C0089342E /* Release */,
			);
			defaultConfigurationIsVisible = 0;
			defaultConfigurationName = Release;
		};
/* End XCConfigurationList section */
	};
	rootObject = 878C236A240DBF090089342E /* Project object */;
}
